<?xml version="1.0" encoding="utf-8"?>
<Project ToolsVersion="4.0" xmlns="http://schemas.microsoft.com/developer/msbuild/2003">
  <ItemGroup>
    <Filter Include="Source Files">
      <UniqueIdentifier>{4FC737F1-C7A5-4376-A066-2A32D752A2FF}</UniqueIdentifier>
      <Extensions>cpp;c;cc;cxx;def;odl;idl;hpj;bat;asm;asmx</Extensions>
    </Filter>
    <Filter Include="Header Files">
      <UniqueIdentifier>{93995380-89BD-4b04-88EB-625FBE52EBFB}</UniqueIdentifier>
      <Extensions>h;hh;hpp;hxx;hm;inl;inc;xsd</Extensions>
    </Filter>
    <Filter Include="Resource Files">
      <UniqueIdentifier>{67DA6AB6-F800-4c08-8B7A-83BB121AAD01}</UniqueIdentifier>
      <Extensions>rc;ico;cur;bmp;dlg;rc2;rct;bin;rgs;gif;jpg;jpeg;jpe;resx;tiff;tif;png;wav;mfcribbon-ms</Extensions>
    </Filter>
    <Filter Include="Header Files\Construction">
      <UniqueIdentifier>{bfcd067a-08a9-47b5-8f5c-82f118f8fba6}</UniqueIdentifier>
    </Filter>
    <Filter Include="Header Files\Shapes">
      <UniqueIdentifier>{f7e4f705-85a0-4377-87d7-c7bcef74a335}</UniqueIdentifier>
    </Filter>
    <Filter Include="Header Files\Shapes\GL">
      <UniqueIdentifier>{dc4a6156-2ed5-4aa1-84d2-588df48ed6af}</UniqueIdentifier>
    </Filter>
    <Filter Include="Header Files\Shapes\GDI">
      <UniqueIdentifier>{42409bcc-7c06-47fc-aacc-e922f3410754}</UniqueIdentifier>
    </Filter>
    <Filter Include="Header Files\Shapes\Qt">
      <UniqueIdentifier>{236fb725-cfb5-42e8-a1e7-6beb9850eeaa}</UniqueIdentifier>
    </Filter>
    <Filter Include="Header Files\Visitors">
      <UniqueIdentifier>{457e8c6b-44cb-4181-9c1b-2e1212d8f1d0}</UniqueIdentifier>
    </Filter>
  </ItemGroup>
  <ItemGroup>
    <Text Include="ReadMe.txt" />
  </ItemGroup>
  <ItemGroup>
    <ClInclude Include="stdafx.h">
      <Filter>Header Files</Filter>
    </ClInclude>
    <ClInclude Include="targetver.h">
      <Filter>Header Files</Filter>
    </ClInclude>
    <ClInclude Include="circle.hpp">
      <Filter>Header Files\Shapes</Filter>
    </ClInclude>
    <ClInclude Include="compositeshape.hpp">
      <Filter>Header Files\Shapes</Filter>
    </ClInclude>
    <ClInclude Include="rectangle.hpp">
      <Filter>Header Files\Shapes</Filter>
    </ClInclude>
    <ClInclude Include="shape.hpp">
      <Filter>Header Files\Shapes</Filter>
    </ClInclude>
    <ClInclude Include="abstractbuilder.hpp">
      <Filter>Header Files\Construction</Filter>
    </ClInclude>
    <ClInclude Include="commandlinebuilder.hpp">
      <Filter>Header Files\Construction</Filter>
    </ClInclude>
    <ClInclude Include="hardcodedbuilder.hpp">
      <Filter>Header Files\Construction</Filter>
    </ClInclude>
    <ClInclude Include="GLShapes.hpp">
      <Filter>Header Files\Shapes\GL</Filter>
    </ClInclude>
    <ClInclude Include="GDIShapes.hpp">
      <Filter>Header Files\Shapes\GDI</Filter>
    </ClInclude>
    <ClInclude Include="shapefactory.hpp">
      <Filter>Header Files\Shapes</Filter>
    </ClInclude>
    <ClInclude Include="QtShapes.hpp">
      <Filter>Header Files\Shapes\Qt</Filter>
    </ClInclude>
    <ClInclude Include="countingvisitor.hpp">
      <Filter>Header Files\Visitors</Filter>
    </ClInclude>
    <ClInclude Include="shapevisitor.hpp">
      <Filter>Header Files\Shapes</Filter>
    </ClInclude>
  </ItemGroup>
  <ItemGroup>
    <ClCompile Include="stdafx.cpp">
      <Filter>Source Files</Filter>
    </ClCompile>
    <ClCompile Include="DesignPatternsCpp.cpp">
      <Filter>Source Files</Filter>
    </ClCompile>
  </ItemGroup>
</Project>